{
  "version": "5",
  "specifiers": {
    "npm:@hono/zod-openapi@0.18.4": "0.18.4_hono@4.7.8_zod@3.25.76",
    "npm:drizzle-orm@0.38.3": "0.38.3_postgres@3.4.5",
    "npm:hono@4.7.8": "4.7.8",
    "npm:postgres@3.4.5": "3.4.5"
  },
  "npm": {
    "@asteasolutions/zod-to-openapi@7.3.4_zod@3.25.76": {
      "integrity": "sha512-/2rThQ5zPi9OzVwes6U7lK1+Yvug0iXu25olp7S0XsYmOqnyMfxH7gdSQjn/+DSOHRg7wnotwGJSyL+fBKdnEA==",
      "dependencies": [
        "openapi3-ts",
        "zod"
      ]
    },
    "@hono/zod-openapi@0.18.4_hono@4.7.8_zod@3.25.76": {
      "integrity": "sha512-6NHMHU96Hh32B1yDhb94Z4Z5/POsmEu2AXpWLWcBq9arskRnOMt2752yEoXoADV8WUAc7H1IkNaQHGj1ytXbYw==",
      "dependencies": [
        "@asteasolutions/zod-to-openapi",
        "@hono/zod-validator",
        "hono",
        "zod"
      ]
    },
    "@hono/zod-validator@0.4.3_hono@4.7.8_zod@3.25.76": {
      "integrity": "sha512-xIgMYXDyJ4Hj6ekm9T9Y27s080Nl9NXHcJkOvkXPhubOLj8hZkOL8pDnnXfvCf5xEE8Q4oMFenQUZZREUY2gqQ==",
      "dependencies": [
        "hono",
        "zod"
      ]
    },
    "drizzle-orm@0.38.3_postgres@3.4.5": {
      "integrity": "sha512-w41Y+PquMpSff/QDRGdItG0/aWca+/J3Sda9PPGkTxBtjWQvgU1jxlFBXdjog5tYvTu58uvi3PwR1NuCx0KeZg==",
      "dependencies": [
        "postgres"
      ],
      "optionalPeers": [
        "postgres"
      ]
    },
    "hono@4.7.8": {
      "integrity": "sha512-PCibtFdxa7/Ldud9yddl1G81GjYaeMYYTq4ywSaNsYbB1Lug4mwtOMJf2WXykL0pntYwmpRJeOI3NmoDgD+Jxw=="
    },
    "openapi3-ts@4.5.0": {
      "integrity": "sha512-jaL+HgTq2Gj5jRcfdutgRGLosCy/hT8sQf6VOy+P+g36cZOjI1iukdPnijC+4CmeRzg/jEllJUboEic2FhxhtQ==",
      "dependencies": [
        "yaml"
      ]
    },
    "postgres@3.4.5": {
      "integrity": "sha512-cDWgoah1Gez9rN3H4165peY9qfpEo+SA61oQv65O3cRUE1pOEoJWwddwcqKE8XZYjbblOJlYDlLV4h67HrEVDg=="
    },
    "yaml@2.8.2": {
      "integrity": "sha512-mplynKqc1C2hTVYxd0PU2xQAc22TI1vShAYGksCCfxbn/dFwnHTNi1bvYsBTkhdUNtGIf5xNOg938rrSSYvS9A==",
      "bin": true
    },
    "zod@3.25.76": {
      "integrity": "sha512-gzUt/qt81nXsFGKIFcC3YnfEAx5NkunCfnDlvuBSSFS02bcXu4Lmea0AFIUwbLWxWPx3d9p8S5QoaujKcNQxcQ=="
    }
  },
  "workspace": {
    "dependencies": [
      "npm:@hono/zod-openapi@0.18.4",
      "npm:drizzle-orm@0.38.3",
      "npm:hono@4.7.8",
      "npm:postgres@3.4.5"
    ]
  }
}
